
Microsoft Visual Studio Solution File, Format Version 12.00
# Visual Studio Version 17
VisualStudioVersion = 17.3.32929.385
MinimumVisualStudioVersion = 10.0.40219.1
Project("{888888A0-9F3D-457C-B088-3A5042F75D52}") = "PythonNote", "PythonNote\PythonNote.pyproj", "{676AE035-F2CF-4ED7-BDEA-6C0F1B9646BB}"
EndProject
Global
	GlobalSection(SolutionConfigurationPlatforms) = preSolution
		Debug|Any CPU = Debug|Any CPU
		Release|Any CPU = Release|Any CPU
	EndGlobalSection
	GlobalSection(ProjectConfigurationPlatforms) = postSolution
		{676AE035-F2CF-4ED7-BDEA-6C0F1B9646BB}.Debug|Any CPU.ActiveCfg = Debug|Any CPU
		{676AE035-F2CF-4ED7-BDEA-6C0F1B9646BB}.Release|Any CPU.ActiveCfg = Release|Any CPU
	EndGlobalSection
	GlobalSection(SolutionProperties) = preSolution
		HideSolutionNode = FALSE
	EndGlobalSection
	GlobalSection(ExtensibilityGlobals) = postSolution
		SolutionGuid = {6A7E8F2B-00A6-4D4E-818B-A36E989DB414}
	EndGlobalSection
EndGlobal
